// !$*UTF8*$!
{
	archiveVersion = 1;
	classes = {
	};
	objectVersion = 50;
	objects = {

/* Begin PBXBuildFile section */
		A88058282275676400929FE4 /* AppDelegate.swift in Sources */ = {isa = PBXBuildFile; fileRef = A88058272275676400929FE4 /* AppDelegate.swift */; };
		A880582D2275676400929FE4 /* Main.storyboard in Resources */ = {isa = PBXBuildFile; fileRef = A880582B2275676400929FE4 /* Main.storyboard */; };
		A880582F2275676500929FE4 /* Assets.xcassets in Resources */ = {isa = PBXBuildFile; fileRef = A880582E2275676500929FE4 /* Assets.xcassets */; };
		A88058322275676500929FE4 /* LaunchScreen.storyboard in Resources */ = {isa = PBXBuildFile; fileRef = A88058302275676500929FE4 /* LaunchScreen.storyboard */; };
		A880583D2275676500929FE4 /* UITabBarControllerSample01Tests.swift in Sources */ = {isa = PBXBuildFile; fileRef = A880583C2275676500929FE4 /* UITabBarControllerSample01Tests.swift */; };
		A88058482275676500929FE4 /* UITabBarControllerSample01UITests.swift in Sources */ = {isa = PBXBuildFile; fileRef = A88058472275676500929FE4 /* UITabBarControllerSample01UITests.swift */; };
		A88058572275698700929FE4 /* MainTabBarController.swift in Sources */ = {isa = PBXBuildFile; fileRef = A88058562275698700929FE4 /* MainTabBarController.swift */; };
		A8805859227569AF00929FE4 /* RecentsViewController.swift in Sources */ = {isa = PBXBuildFile; fileRef = A8805858227569AF00929FE4 /* RecentsViewController.swift */; };
		A880585B227569C600929FE4 /* DownloadsViewController.swift in Sources */ = {isa = PBXBuildFile; fileRef = A880585A227569C600929FE4 /* DownloadsViewController.swift */; };
/* End PBXBuildFile section */

/* Begin PBXContainerItemProxy section */
		A88058392275676500929FE4 /* PBXContainerItemProxy */ = {
			isa = PBXContainerItemProxy;
			containerPortal = A880581C2275676400929FE4 /* Project object */;
			proxyType = 1;
			remoteGlobalIDString = A88058232275676400929FE4;
			remoteInfo = UITabBarControllerSample01;
		};
		A88058442275676500929FE4 /* PBXContainerItemProxy */ = {
			isa = PBXContainerItemProxy;
			containerPortal = A880581C2275676400929FE4 /* Project object */;
			proxyType = 1;
			remoteGlobalIDString = A88058232275676400929FE4;
			remoteInfo = UITabBarControllerSample01;
		};
/* End PBXContainerItemProxy section */

/* Begin PBXFileReference section */
		A88058242275676400929FE4 /* UITabBarControllerSample01.app */ = {isa = PBXFileReference; explicitFileType = wrapper.application; includeInIndex = 0; path = UITabBarControllerSample01.app; sourceTree = BUILT_PRODUCTS_DIR; };
		A88058272275676400929FE4 /* AppDelegate.swift */ = {isa = PBXFileReference; lastKnownFileType = sourcecode.swift; path = AppDelegate.swift; sourceTree = "<group>"; };
		A880582C2275676400929FE4 /* Base */ = {isa = PBXFileReference; lastKnownFileType = file.storyboard; name = Base; path = Base.lproj/Main.storyboard; sourceTree = "<group>"; };
		A880582E2275676500929FE4 /* Assets.xcassets */ = {isa = PBXFileReference; lastKnownFileType = folder.assetcatalog; path = Assets.xcassets; sourceTree = "<group>"; };
		A88058312275676500929FE4 /* Base */ = {isa = PBXFileReference; lastKnownFileType = file.storyboard; name = Base; path = Base.lproj/LaunchScreen.storyboard; sourceTree = "<group>"; };
		A88058332275676500929FE4 /* Info.plist */ = {isa = PBXFileReference; lastKnownFileType = text.plist.xml; path = Info.plist; sourceTree = "<group>"; };
		A88058382275676500929FE4 /* UITabBarControllerSample01Tests.xctest */ = {isa = PBXFileReference; explicitFileType = wrapper.cfbundle; includeInIndex = 0; path = UITabBarControllerSample01Tests.xctest; sourceTree = BUILT_PRODUCTS_DIR; };
		A880583C2275676500929FE4 /* UITabBarControllerSample01Tests.swift */ = {isa = PBXFileReference; lastKnownFileType = sourcecode.swift; path = UITabBarControllerSample01Tests.swift; sourceTree = "<group>"; };
		A880583E2275676500929FE4 /* Info.plist */ = {isa = PBXFileReference; lastKnownFileType = text.plist.xml; path = Info.plist; sourceTree = "<group>"; };
		A88058432275676500929FE4 /* UITabBarControllerSample01UITests.xctest */ = {isa = PBXFileReference; explicitFileType = wrapper.cfbundle; includeInIndex = 0; path = UITabBarControllerSample01UITests.xctest; sourceTree = BUILT_PRODUCTS_DIR; };
		A88058472275676500929FE4 /* UITabBarControllerSample01UITests.swift */ = {isa = PBXFileReference; lastKnownFileType = sourcecode.swift; path = UITabBarControllerSample01UITests.swift; sourceTree = "<group>"; };
		A88058492275676500929FE4 /* Info.plist */ = {isa = PBXFileReference; lastKnownFileType = text.plist.xml; path = Info.plist; sourceTree = "<group>"; };
		A88058562275698700929FE4 /* MainTabBarController.swift */ = {isa = PBXFileReference; lastKnownFileType = sourcecode.swift; path = MainTabBarController.swift; sourceTree = "<group>"; };
		A8805858227569AF00929FE4 /* RecentsViewController.swift */ = {isa = PBXFileReference; lastKnownFileType = sourcecode.swift; path = RecentsViewController.swift; sourceTree = "<group>"; };
		A880585A227569C600929FE4 /* DownloadsViewController.swift */ = {isa = PBXFileReference; lastKnownFileType = sourcecode.swift; path = DownloadsViewController.swift; sourceTree = "<group>"; };
/* End PBXFileReference section */

/* Begin PBXFrameworksBuildPhase section */
		A88058212275676400929FE4 /* Frameworks */ = {
			isa = PBXFrameworksBuildPhase;
			buildActionMask = 2147483647;
			files = (
			);
			runOnlyForDeploymentPostprocessing = 0;
		};
		A88058352275676500929FE4 /* Frameworks */ = {
			isa = PBXFrameworksBuildPhase;
			buildActionMask = 2147483647;
			files = (
			);
			runOnlyForDeploymentPostprocessing = 0;
		};
		A88058402275676500929FE4 /* Frameworks */ = {
			isa = PBXFrameworksBuildPhase;
			buildActionMask = 2147483647;
			files = (
			);
			runOnlyForDeploymentPostprocessing = 0;
		};
/* End PBXFrameworksBuildPhase section */

/* Begin PBXGroup section */
		A880581B2275676400929FE4 = {
			isa = PBXGroup;
			children = (
				A88058262275676400929FE4 /* UITabBarControllerSample01 */,
				A880583B2275676500929FE4 /* UITabBarControllerSample01Tests */,
				A88058462275676500929FE4 /* UITabBarControllerSample01UITests */,
				A88058252275676400929FE4 /* Products */,
			);
			sourceTree = "<group>";
		};
		A88058252275676400929FE4 /* Products */ = {
			isa = PBXGroup;
			children = (
				A88058242275676400929FE4 /* UITabBarControllerSample01.app */,
				A88058382275676500929FE4 /* UITabBarControllerSample01Tests.xctest */,
				A88058432275676500929FE4 /* UITabBarControllerSample01UITests.xctest */,
			);
			name = Products;
			sourceTree = "<group>";
		};
		A88058262275676400929FE4 /* UITabBarControllerSample01 */ = {
			isa = PBXGroup;
			children = (
				A88058552275696800929FE4 /* controllers */,
				A88058272275676400929FE4 /* AppDelegate.swift */,
				A880582B2275676400929FE4 /* Main.storyboard */,
				A880582E2275676500929FE4 /* Assets.xcassets */,
				A88058302275676500929FE4 /* LaunchScreen.storyboard */,
				A88058332275676500929FE4 /* Info.plist */,
			);
			path = UITabBarControllerSample01;
			sourceTree = "<group>";
		};
		A880583B2275676500929FE4 /* UITabBarControllerSample01Tests */ = {
			isa = PBXGroup;
			children = (
				A880583C2275676500929FE4 /* UITabBarControllerSample01Tests.swift */,
				A880583E2275676500929FE4 /* Info.plist */,
			);
			path = UITabBarControllerSample01Tests;
			sourceTree = "<group>";
		};
		A88058462275676500929FE4 /* UITabBarControllerSample01UITests */ = {
			isa = PBXGroup;
			children = (
				A88058472275676500929FE4 /* UITabBarControllerSample01UITests.swift */,
				A88058492275676500929FE4 /* Info.plist */,
			);
			path = UITabBarControllerSample01UITests;
			sourceTree = "<group>";
		};
		A88058552275696800929FE4 /* controllers */ = {
			isa = PBXGroup;
			children = (
				A88058562275698700929FE4 /* MainTabBarController.swift */,
				A8805858227569AF00929FE4 /* RecentsViewController.swift */,
				A880585A227569C600929FE4 /* DownloadsViewController.swift */,
			);
			path = controllers;
			sourceTree = "<group>";
		};
/* End PBXGroup section */

/* Begin PBXNativeTarget section */
		A88058232275676400929FE4 /* UITabBarControllerSample01 */ = {
			isa = PBXNativeTarget;
			buildConfigurationList = A880584C2275676500929FE4 /* Build configuration list for PBXNativeTarget "UITabBarControllerSample01" */;
			buildPhases = (
				A88058202275676400929FE4 /* Sources */,
				A88058212275676400929FE4 /* Frameworks */,
				A88058222275676400929FE4 /* Resources */,
			);
			buildRules = (
			);
			dependencies = (
			);
			name = UITabBarControllerSample01;
			productName = UITabBarControllerSample01;
			productReference = A88058242275676400929FE4 /* UITabBarControllerSample01.app */;
			productType = "com.apple.product-type.application";
		};
		A88058372275676500929FE4 /* UITabBarControllerSample01Tests */ = {
			isa = PBXNativeTarget;
			buildConfigurationList = A880584F2275676500929FE4 /* Build configuration list for PBXNativeTarget "UITabBarControllerSample01Tests" */;
			buildPhases = (
				A88058342275676500929FE4 /* Sources */,
				A88058352275676500929FE4 /* Frameworks */,
				A88058362275676500929FE4 /* Resources */,
			);
			buildRules = (
			);
			dependencies = (
				A880583A2275676500929FE4 /* PBXTargetDependency */,
			);
			name = UITabBarControllerSample01Tests;
			productName = UITabBarControllerSample01Tests;
			productReference = A88058382275676500929FE4 /* UITabBarControllerSample01Tests.xctest */;
			productType = "com.apple.product-type.bundle.unit-test";
		};
		A88058422275676500929FE4 /* UITabBarControllerSample01UITests */ = {
			isa = PBXNativeTarget;
			buildConfigurationList = A88058522275676500929FE4 /* Build configuration list for PBXNativeTarget "UITabBarControllerSample01UITests" */;
			buildPhases = (
				A880583F2275676500929FE4 /* Sources */,
				A88058402275676500929FE4 /* Frameworks */,
				A88058412275676500929FE4 /* Resources */,
			);
			buildRules = (
			);
			dependencies = (
				A88058452275676500929FE4 /* PBXTargetDependency */,
			);
			name = UITabBarControllerSample01UITests;
			productName = UITabBarControllerSample01UITests;
			productReference = A88058432275676500929FE4 /* UITabBarControllerSample01UITests.xctest */;
			productType = "com.apple.product-type.bundle.ui-testing";
		};
/* End PBXNativeTarget section */

/* Begin PBXProject section */
		A880581C2275676400929FE4 /* Project object */ = {
			isa = PBXProject;
			attributes = {
				LastSwiftUpdateCheck = 1020;
				LastUpgradeCheck = 1020;
				ORGANIZATIONNAME = "shigeki yamamoto";
				TargetAttributes = {
					A88058232275676400929FE4 = {
						CreatedOnToolsVersion = 10.2.1;
					};
					A88058372275676500929FE4 = {
						CreatedOnToolsVersion = 10.2.1;
						TestTargetID = A88058232275676400929FE4;
					};
					A88058422275676500929FE4 = {
						CreatedOnToolsVersion = 10.2.1;
						TestTargetID = A88058232275676400929FE4;
					};
				};
			};
			buildConfigurationList = A880581F2275676400929FE4 /* Build configuration list for PBXProject "UITabBarControllerSample01" */;
			compatibilityVersion = "Xcode 9.3";
			developmentRegion = en;
			hasScannedForEncodings = 0;
			knownRegions = (
				en,
				Base,
			);
			mainGroup = A880581B2275676400929FE4;
			productRefGroup = A88058252275676400929FE4 /* Products */;
			projectDirPath = "";
			projectRoot = "";
			targets = (
				A88058232275676400929FE4 /* UITabBarControllerSample01 */,
				A88058372275676500929FE4 /* UITabBarControllerSample01Tests */,
				A88058422275676500929FE4 /* UITabBarControllerSample01UITests */,
			);
		};
/* End PBXProject section */

/* Begin PBXResourcesBuildPhase section */
		A88058222275676400929FE4 /* Resources */ = {
			isa = PBXResourcesBuildPhase;
			buildActionMask = 2147483647;
			files = (
				A88058322275676500929FE4 /* LaunchScreen.storyboard in Resources */,
				A880582F2275676500929FE4 /* Assets.xcassets in Resources */,
				A880582D2275676400929FE4 /* Main.storyboard in Resources */,
			);
			runOnlyForDeploymentPostprocessing = 0;
		};
		A88058362275676500929FE4 /* Resources */ = {
			isa = PBXResourcesBuildPhase;
			buildActionMask = 2147483647;
			files = (
			);
			runOnlyForDeploymentPostprocessing = 0;
		};
		A88058412275676500929FE4 /* Resources */ = {
			isa = PBXResourcesBuildPhase;
			buildActionMask = 2147483647;
			files = (
			);
			runOnlyForDeploymentPostprocessing = 0;
		};
/* End PBXResourcesBuildPhase section */

/* Begin PBXSourcesBuildPhase section */
		A88058202275676400929FE4 /* Sources */ = {
			isa = PBXSourcesBuildPhase;
			buildActionMask = 2147483647;
			files = (
				A8805859227569AF00929FE4 /* RecentsViewController.swift in Sources */,
				A88058572275698700929FE4 /* MainTabBarController.swift in Sources */,
				A880585B227569C600929FE4 /* DownloadsViewController.swift in Sources */,
				A88058282275676400929FE4 /* AppDelegate.swift in Sources */,
			);
			runOnlyForDeploymentPostprocessing = 0;
		};
		A88058342275676500929FE4 /* Sources */ = {
			isa = PBXSourcesBuildPhase;
			buildActionMask = 2147483647;
			files = (
				A880583D2275676500929FE4 /* UITabBarControllerSample01Tests.swift in Sources */,
			);
			runOnlyForDeploymentPostprocessing = 0;
		};
		A880583F2275676500929FE4 /* Sources */ = {
			isa = PBXSourcesBuildPhase;
			buildActionMask = 2147483647;
			files = (
				A88058482275676500929FE4 /* UITabBarControllerSample01UITests.swift in Sources */,
			);
			runOnlyForDeploymentPostprocessing = 0;
		};
/* End PBXSourcesBuildPhase section */

/* Begin PBXTargetDependency section */
		A880583A2275676500929FE4 /* PBXTargetDependency */ = {
			isa = PBXTargetDependency;
			target = A88058232275676400929FE4 /* UITabBarControllerSample01 */;
			targetProxy = A88058392275676500929FE4 /* PBXContainerItemProxy */;
		};
		A88058452275676500929FE4 /* PBXTargetDependency */ = {
			isa = PBXTargetDependency;
			target = A88058232275676400929FE4 /* UITabBarControllerSample01 */;
			targetProxy = A88058442275676500929FE4 /* PBXContainerItemProxy */;
		};
/* End PBXTargetDependency section */

/* Begin PBXVariantGroup section */
		A880582B2275676400929FE4 /* Main.storyboard */ = {
			isa = PBXVariantGroup;
			children = (
				A880582C2275676400929FE4 /* Base */,
			);
			name = Main.storyboard;
			sourceTree = "<group>";
		};
		A88058302275676500929FE4 /* LaunchScreen.storyboard */ = {
			isa = PBXVariantGroup;
			children = (
				A88058312275676500929FE4 /* Base */,
			);
			name = LaunchScreen.storyboard;
			sourceTree = "<group>";
		};
/* End PBXVariantGroup section */

/* Begin XCBuildConfiguration section */
		A880584A2275676500929FE4 /* Debug */ = {
			isa = XCBuildConfiguration;
			buildSettings = {
				ALWAYS_SEARCH_USER_PATHS = NO;
				CLANG_ANALYZER_NONNULL = YES;
				CLANG_ANALYZER_NUMBER_OBJECT_CONVERSION = YES_AGGRESSIVE;
				CLANG_CXX_LANGUAGE_STANDARD = "gnu++14";
				CLANG_CXX_LIBRARY = "libc++";
				CLANG_ENABLE_MODULES = YES;
				CLANG_ENABLE_OBJC_ARC = YES;
				CLANG_ENABLE_OBJC_WEAK = YES;
				CLANG_WARN_BLOCK_CAPTURE_AUTORELEASING = YES;
				CLANG_WARN_BOOL_CONVERSION = YES;
				CLANG_WARN_COMMA = YES;
				CLANG_WARN_CONSTANT_CONVERSION = YES;
				CLANG_WARN_DEPRECATED_OBJC_IMPLEMENTATIONS = YES;
				CLANG_WARN_DIRECT_OBJC_ISA_USAGE = YES_ERROR;
				CLANG_WARN_DOCUMENTATION_COMMENTS = YES;
				CLANG_WARN_EMPTY_BODY = YES;
				CLANG_WARN_ENUM_CONVERSION = YES;
				CLANG_WARN_INFINITE_RECURSION = YES;
				CLANG_WARN_INT_CONVERSION = YES;
				CLANG_WARN_NON_LITERAL_NULL_CONVERSION = YES;
				CLANG_WARN_OBJC_IMPLICIT_RETAIN_SELF = YES;
				CLANG_WARN_OBJC_LITERAL_CONVERSION = YES;
				CLANG_WARN_OBJC_ROOT_CLASS = YES_ERROR;
				CLANG_WARN_RANGE_LOOP_ANALYSIS = YES;
				CLANG_WARN_STRICT_PROTOTYPES = YES;
				CLANG_WARN_SUSPICIOUS_MOVE = YES;
				CLANG_WARN_UNGUARDED_AVAILABILITY = YES_AGGRESSIVE;
				CLANG_WARN_UNREACHABLE_CODE = YES;
				CLANG_WARN__DUPLICATE_METHOD_MATCH = YES;
				CODE_SIGN_IDENTITY = "iPhone Developer";
				COPY_PHASE_STRIP = NO;
				DEBUG_INFORMATION_FORMAT = dwarf;
				ENABLE_STRICT_OBJC_MSGSEND = YES;
				ENABLE_TESTABILITY = YES;
				GCC_C_LANGUAGE_STANDARD = gnu11;
				GCC_DYNAMIC_NO_PIC = NO;
				GCC_NO_COMMON_BLOCKS = YES;
				GCC_OPTIMIZATION_LEVEL = 0;
				GCC_PREPROCESSOR_DEFINITIONS = (
					"DEBUG=1",
					"$(inherited)",
				);
				GCC_WARN_64_TO_32_BIT_CONVERSION = YES;
				GCC_WARN_ABOUT_RETURN_TYPE = YES_ERROR;
				GCC_WARN_UNDECLARED_SELECTOR = YES;
				GCC_WARN_UNINITIALIZED_AUTOS = YES_AGGRESSIVE;
				GCC_WARN_UNUSED_FUNCTION = YES;
				GCC_WARN_UNUSED_VARIABLE = YES;
				IPHONEOS_DEPLOYMENT_TARGET = 12.2;
				MTL_ENABLE_DEBUG_INFO = INCLUDE_SOURCE;
				MTL_FAST_MATH = YES;
				ONLY_ACTIVE_ARCH = YES;
				SDKROOT = iphoneos;
				SWIFT_ACTIVE_COMPILATION_CONDITIONS = DEBUG;
				SWIFT_OPTIMIZATION_LEVEL = "-Onone";
			};
			name = Debug;
		};
		A880584B2275676500929FE4 /* Release */ = {
			isa = XCBuildConfiguration;
			buildSettings = {
				ALWAYS_SEARCH_USER_PATHS = NO;
				CLANG_ANALYZER_NONNULL = YES;
				CLANG_ANALYZER_NUMBER_OBJECT_CONVERSION = YES_AGGRESSIVE;
				CLANG_CXX_LANGUAGE_STANDARD = "gnu++14";
				CLANG_CXX_LIBRARY = "libc++";
				CLANG_ENABLE_MODULES = YES;
				CLANG_ENABLE_OBJC_ARC = YES;
				CLANG_ENABLE_OBJC_WEAK = YES;
				CLANG_WARN_BLOCK_CAPTURE_AUTORELEASING = YES;
				CLANG_WARN_BOOL_CONVERSION = YES;
				CLANG_WARN_COMMA = YES;
				CLANG_WARN_CONSTANT_CONVERSION = YES;
				CLANG_WARN_DEPRECATED_OBJC_IMPLEMENTATIONS = YES;
				CLANG_WARN_DIRECT_OBJC_ISA_USAGE = YES_ERROR;
				CLANG_WARN_DOCUMENTATION_COMMENTS = YES;
				CLANG_WARN_EMPTY_BODY = YES;
				CLANG_WARN_ENUM_CONVERSION = YES;
				CLANG_WARN_INFINITE_RECURSION = YES;
				CLANG_WARN_INT_CONVERSION = YES;
				CLANG_WARN_NON_LITERAL_NULL_CONVERSION = YES;
				CLANG_WARN_OBJC_IMPLICIT_RETAIN_SELF = YES;
				CLANG_WARN_OBJC_LITERAL_CONVERSION = YES;
				CLANG_WARN_OBJC_ROOT_CLASS = YES_ERROR;
				CLANG_WARN_RANGE_LOOP_ANALYSIS = YES;
				CLANG_WARN_STRICT_PROTOTYPES = YES;
				CLANG_WARN_SUSPICIOUS_MOVE = YES;
				CLANG_WARN_UNGUARDED_AVAILABILITY = YES_AGGRESSIVE;
				CLANG_WARN_UNREACHABLE_CODE = YES;
				CLANG_WARN__DUPLICATE_METHOD_MATCH = YES;
				CODE_SIGN_IDENTITY = "iPhone Developer";
				COPY_PHASE_STRIP = NO;
				DEBUG_INFORMATION_FORMAT = "dwarf-with-dsym";
				ENABLE_NS_ASSERTIONS = NO;
				ENABLE_STRICT_OBJC_MSGSEND = YES;
				GCC_C_LANGUAGE_STANDARD = gnu11;
				GCC_NO_COMMON_BLOCKS = YES;
				GCC_WARN_64_TO_32_BIT_CONVERSION = YES;
				GCC_WARN_ABOUT_RETURN_TYPE = YES_ERROR;
				GCC_WARN_UNDECLARED_SELECTOR = YES;
				GCC_WARN_UNINITIALIZED_AUTOS = YES_AGGRESSIVE;
				GCC_WARN_UNUSED_FUNCTION = YES;
				GCC_WARN_UNUSED_VARIABLE = YES;
				IPHONEOS_DEPLOYMENT_TARGET = 12.2;
				MTL_ENABLE_DEBUG_INFO = NO;
				MTL_FAST_MATH = YES;
				SDKROOT = iphoneos;
				SWIFT_COMPILATION_MODE = wholemodule;
				SWIFT_OPTIMIZATION_LEVEL = "-O";
				VALIDATE_PRODUCT = YES;
			};
			name = Release;
		};
		A880584D2275676500929FE4 /* Debug */ = {
			isa = XCBuildConfiguration;
			buildSettings = {
				ASSETCATALOG_COMPILER_APPICON_NAME = AppIcon;
				CODE_SIGN_STYLE = Automatic;
				DEVELOPMENT_TEAM = 464QJ95VK2;
				INFOPLIST_FILE = UITabBarControllerSample01/Info.plist;
				LD_RUNPATH_SEARCH_PATHS = (
					"$(inherited)",
					"@executable_path/Frameworks",
				);
				PRODUCT_BUNDLE_IDENTIFIER = com.battraction.UITabBarControllerSample01;
				PRODUCT_NAME = "$(TARGET_NAME)";
				SWIFT_VERSION = 5.0;
				TARGETED_DEVICE_FAMILY = "1,2";
			};
			name = Debug;
		};
		A880584E2275676500929FE4 /* Release */ = {
			isa = XCBuildConfiguration;
			buildSettings = {
				ASSETCATALOG_COMPILER_APPICON_NAME = AppIcon;
				CODE_SIGN_STYLE = Automatic;
				DEVELOPMENT_TEAM = 464QJ95VK2;
				INFOPLIST_FILE = UITabBarControllerSample01/Info.plist;
				LD_RUNPATH_SEARCH_PATHS = (
					"$(inherited)",
					"@executable_path/Frameworks",
				);
				PRODUCT_BUNDLE_IDENTIFIER = com.battraction.UITabBarControllerSample01;
				PRODUCT_NAME = "$(TARGET_NAME)";
				SWIFT_VERSION = 5.0;
				TARGETED_DEVICE_FAMILY = "1,2";
			};
			name = Release;
		};
		A88058502275676500929FE4 /* Debug */ = {
			isa = XCBuildConfiguration;
			buildSettings = {
				ALWAYS_EMBED_SWIFT_STANDARD_LIBRARIES = YES;
				BUNDLE_LOADER = "$(TEST_HOST)";
				CODE_SIGN_STYLE = Automatic;
				DEVELOPMENT_TEAM = 464QJ95VK2;
				INFOPLIST_FILE = UITabBarControllerSample01Tests/Info.plist;
				LD_RUNPATH_SEARCH_PATHS = (
					"$(inherited)",
					"@executable_path/Frameworks",
					"@loader_path/Frameworks",
				);
				PRODUCT_BUNDLE_IDENTIFIER = com.battraction.UITabBarControllerSample01Tests;
				PRODUCT_NAME = "$(TARGET_NAME)";
				SWIFT_VERSION = 5.0;
				TARGETED_DEVICE_FAMILY = "1,2";
				TEST_HOST = "$(BUILT_PRODUCTS_DIR)/UITabBarControllerSample01.app/UITabBarControllerSample01";
			};
			name = Debug;
		};
		A88058512275676500929FE4 /* Release */ = {
			isa = XCBuildConfiguration;
			buildSettings = {
				ALWAYS_EMBED_SWIFT_STANDARD_LIBRARIES = YES;
				BUNDLE_LOADER = "$(TEST_HOST)";
				CODE_SIGN_STYLE = Automatic;
				DEVELOPMENT_TEAM = 464QJ95VK2;
				INFOPLIST_FILE = UITabBarControllerSample01Tests/Info.plist;
				LD_RUNPATH_SEARCH_PATHS = (
					"$(inherited)",
					"@executable_path/Frameworks",
					"@loader_path/Frameworks",
				);
				PRODUCT_BUNDLE_IDENTIFIER = com.battraction.UITabBarControllerSample01Tests;
				PRODUCT_NAME = "$(TARGET_NAME)";
				SWIFT_VERSION = 5.0;
				TARGETED_DEVICE_FAMILY = "1,2";
				TEST_HOST = "$(BUILT_PRODUCTS_DIR)/UITabBarControllerSample01.app/UITabBarControllerSample01";
			};
			name = Release;
		};
		A88058532275676500929FE4 /* Debug */ = {
			isa = XCBuildConfiguration;
			buildSettings = {
				ALWAYS_EMBED_SWIFT_STANDARD_LIBRARIES = YES;
				CODE_SIGN_STYLE = Automatic;
				DEVELOPMENT_TEAM = 464QJ95VK2;
				INFOPLIST_FILE = UITabBarControllerSample01UITests/Info.plist;
				LD_RUNPATH_SEARCH_PATHS = (
					"$(inherited)",
					"@executable_path/Frameworks",
					"@loader_path/Frameworks",
				);
				PRODUCT_BUNDLE_IDENTIFIER = com.battraction.UITabBarControllerSample01UITests;
				PRODUCT_NAME = "$(TARGET_NAME)";
				SWIFT_VERSION = 5.0;
				TARGETED_DEVICE_FAMILY = "1,2";
				TEST_TARGET_NAME = UITabBarControllerSample01;
			};
			name = Debug;
		};
		A88058542275676500929FE4 /* Release */ = {
			isa = XCBuildConfiguration;
			buildSettings = {
				ALWAYS_EMBED_SWIFT_STANDARD_LIBRARIES = YES;
				CODE_SIGN_STYLE = Automatic;
				DEVELOPMENT_TEAM = 464QJ95VK2;
				INFOPLIST_FILE = UITabBarControllerSample01UITests/Info.plist;
				LD_RUNPATH_SEARCH_PATHS = (
					"$(inherited)",
					"@executable_path/Frameworks",
					"@loader_path/Frameworks",
				);
				PRODUCT_BUNDLE_IDENTIFIER = com.battraction.UITabBarControllerSample01UITests;
				PRODUCT_NAME = "$(TARGET_NAME)";
				SWIFT_VERSION = 5.0;
				TARGETED_DEVICE_FAMILY = "1,2";
				TEST_TARGET_NAME = UITabBarControllerSample01;
			};
			name = Release;
		};
/* End XCBuildConfiguration section */

/* Begin XCConfigurationList section */
		A880581F2275676400929FE4 /* Build configuration list for PBXProject "UITabBarControllerSample01" */ = {
			isa = XCConfigurationList;
			buildConfigurations = (
				A880584A2275676500929FE4 /* Debug */,
				A880584B2275676500929FE4 /* Release */,
			);
			defaultConfigurationIsVisible = 0;
			defaultConfigurationName = Release;
		};
		A880584C2275676500929FE4 /* Build configuration list for PBXNativeTarget "UITabBarControllerSample01" */ = {
			isa = XCConfigurationList;
			buildConfigurations = (
				A880584D2275676500929FE4 /* Debug */,
				A880584E2275676500929FE4 /* Release */,
			);
			defaultConfigurationIsVisible = 0;
			defaultConfigurationName = Release;
		};
		A880584F2275676500929FE4 /* Build configuration list for PBXNativeTarget "UITabBarControllerSample01Tests" */ = {
			isa = XCConfigurationList;
			buildConfigurations = (
				A88058502275676500929FE4 /* Debug */,
				A88058512275676500929FE4 /* Release */,
			);
			defaultConfigurationIsVisible = 0;
			defaultConfigurationName = Release;
		};
		A88058522275676500929FE4 /* Build configuration list for PBXNativeTarget "UITabBarControllerSample01UITests" */ = {
			isa = XCConfigurationList;
			buildConfigurations = (
				A88058532275676500929FE4 /* Debug */,
				A88058542275676500929FE4 /* Release */,
			);
			defaultConfigurationIsVisible = 0;
			defaultConfigurationName = Release;
		};
/* End XCConfigurationList section */
	};
	rootObject = A880581C2275676400929FE4 /* Project object */;
}
